
Microsoft Visual Studio Solution File, Format Version 12.00
# Visual Studio Version 16
VisualStudioVersion = 16.0.30011.22
MinimumVisualStudioVersion = 10.0.40219.1
Project("{9A19103F-16F7-4668-BE54-9A1E7A4F7556}") = "MusZil_Core", "MusZil_Core\MusZil_Core.csproj", "{52DD8E1A-3B71-45BF-8262-21D0B12A160E}"
EndProject
Project("{9A19103F-16F7-4668-BE54-9A1E7A4F7556}") = "MusZIL_Console", "..\Mus_ZIL_DevOps\MusZIL_Console\MusZIL_Console.csproj", "{A8354A1F-3F70-4DC5-BEF3-37CD5A739268}"
EndProject
Project("{9A19103F-16F7-4668-BE54-9A1E7A4F7556}") = "NUnitTestMusZIL", "NUnitTestMusZIL\NUnitTestMusZIL.csproj", "{B4451AB1-0D34-446A-A552-ED87D73E04FC}"
EndProject
Global
	GlobalSection(SolutionConfigurationPlatforms) = preSolution
		Debug|Any CPU = Debug|Any CPU
		Release|Any CPU = Release|Any CPU
	EndGlobalSection
	GlobalSection(ProjectConfigurationPlatforms) = postSolution
		{52DD8E1A-3B71-45BF-8262-21D0B12A160E}.Debug|Any CPU.ActiveCfg = Debug|Any CPU
		{52DD8E1A-3B71-45BF-8262-21D0B12A160E}.Debug|Any CPU.Build.0 = Debug|Any CPU
		{52DD8E1A-3B71-45BF-8262-21D0B12A160E}.Release|Any CPU.ActiveCfg = Release|Any CPU
		{52DD8E1A-3B71-45BF-8262-21D0B12A160E}.Release|Any CPU.Build.0 = Release|Any CPU
		{A8354A1F-3F70-4DC5-BEF3-37CD5A739268}.Debug|Any CPU.ActiveCfg = Debug|Any CPU
		{A8354A1F-3F70-4DC5-BEF3-37CD5A739268}.Debug|Any CPU.Build.0 = Debug|Any CPU
		{A8354A1F-3F70-4DC5-BEF3-37CD5A739268}.Release|Any CPU.ActiveCfg = Release|Any CPU
		{A8354A1F-3F70-4DC5-BEF3-37CD5A739268}.Release|Any CPU.Build.0 = Release|Any CPU
		{B4451AB1-0D34-446A-A552-ED87D73E04FC}.Debug|Any CPU.ActiveCfg = Debug|Any CPU
		{B4451AB1-0D34-446A-A552-ED87D73E04FC}.Debug|Any CPU.Build.0 = Debug|Any CPU
		{B4451AB1-0D34-446A-A552-ED87D73E04FC}.Release|Any CPU.ActiveCfg = Release|Any CPU
		{B4451AB1-0D34-446A-A552-ED87D73E04FC}.Release|Any CPU.Build.0 = Release|Any CPU
	EndGlobalSection
	GlobalSection(SolutionProperties) = preSolution
		HideSolutionNode = FALSE
	EndGlobalSection
	GlobalSection(ExtensibilityGlobals) = postSolution
		SolutionGuid = {CFDD64CA-0051-40F6-AC65-2F44EC1F3788}
	EndGlobalSection
EndGlobal
